
Microsoft Visual Studio Solution File, Format Version 12.00
# Visual Studio Version 17
VisualStudioVersion = 17.0.31912.275
MinimumVisualStudioVersion = 10.0.40219.1
Project("{9A19103F-16F7-4668-BE54-9A1E7A4F7556}") = "SympliDevelopment.Api", "src\SympliDevelopment.Api\SympliDevelopment.Api.csproj", "{61314F67-521F-4CEB-BB11-D0C1D67AD08C}"
EndProject
Global
	GlobalSection(SolutionConfigurationPlatforms) = preSolution
		Debug|Any CPU = Debug|Any CPU
		Release|Any CPU = Release|Any CPU
	EndGlobalSection
	GlobalSection(ProjectConfigurationPlatforms) = postSolution
		{61314F67-521F-4CEB-BB11-D0C1D67AD08C}.Debug|Any CPU.ActiveCfg = Debug|Any CPU
		{61314F67-521F-4CEB-BB11-D0C1D67AD08C}.Debug|Any CPU.Build.0 = Debug|Any CPU
		{61314F67-521F-4CEB-BB11-D0C1D67AD08C}.Release|Any CPU.ActiveCfg = Release|Any CPU
		{61314F67-521F-4CEB-BB11-D0C1D67AD08C}.Release|Any CPU.Build.0 = Release|Any CPU
	EndGlobalSection
	GlobalSection(SolutionProperties) = preSolution
		HideSolutionNode = FALSE
	EndGlobalSection
	GlobalSection(ExtensibilityGlobals) = postSolution
		SolutionGuid = {BE520911-373D-4F93-936D-C6D954F8935D}
	EndGlobalSection
EndGlobal
